// !$*UTF8*$!
{
	archiveVersion = 1;
	classes = {
	};
	objectVersion = 51;
	objects = {

/* Begin PBXBuildFile section */
		3EE8551389E7A0C1A85864B5 /* Pods_SplitViewControllerDemo.framework in Frameworks */ = {isa = PBXBuildFile; fileRef = C6494FC45C6ECF192625106D /* Pods_SplitViewControllerDemo.framework */; };
		8EC3E27F2396D8D40077826D /* AppDelegate.swift in Sources */ = {isa = PBXBuildFile; fileRef = 8EC3E27E2396D8D40077826D /* AppDelegate.swift */; };
		8EC3E2812396D8D40077826D /* ViewController.swift in Sources */ = {isa = PBXBuildFile; fileRef = 8EC3E2802396D8D40077826D /* ViewController.swift */; };
		8EC3E2842396D8D40077826D /* Main.storyboard in Resources */ = {isa = PBXBuildFile; fileRef = 8EC3E2822396D8D40077826D /* Main.storyboard */; };
		8EC3E2862396D8D60077826D /* Assets.xcassets in Resources */ = {isa = PBXBuildFile; fileRef = 8EC3E2852396D8D60077826D /* Assets.xcassets */; };
		8EC3E2892396D8D60077826D /* LaunchScreen.storyboard in Resources */ = {isa = PBXBuildFile; fileRef = 8EC3E2872396D8D60077826D /* LaunchScreen.storyboard */; };
		8EC3E2912396E9AC0077826D /* NotebooksViewController.swift in Sources */ = {isa = PBXBuildFile; fileRef = 8EC3E2902396E9AC0077826D /* NotebooksViewController.swift */; };
		8EC3E294239706620077826D /* R.generated.swift in Sources */ = {isa = PBXBuildFile; fileRef = 8EC3E293239706620077826D /* R.generated.swift */; };
		8EC3E299239712560077826D /* NotesViewController.swift in Sources */ = {isa = PBXBuildFile; fileRef = 8EC3E298239712550077826D /* NotesViewController.swift */; };
		8EC3E29D239723D80077826D /* Notebook.swift in Sources */ = {isa = PBXBuildFile; fileRef = 8EC3E29C239723D80077826D /* Notebook.swift */; };
		8EC3E29F239723DC0077826D /* Note.swift in Sources */ = {isa = PBXBuildFile; fileRef = 8EC3E29E239723DC0077826D /* Note.swift */; };
		8EC3E2A123972CF00077826D /* Storage.swift in Sources */ = {isa = PBXBuildFile; fileRef = 8EC3E2A023972CF00077826D /* Storage.swift */; };
/* End PBXBuildFile section */

/* Begin PBXFileReference section */
		8EC3E27B2396D8D40077826D /* SplitViewControllerDemo.app */ = {isa = PBXFileReference; explicitFileType = wrapper.application; includeInIndex = 0; path = SplitViewControllerDemo.app; sourceTree = BUILT_PRODUCTS_DIR; };
		8EC3E27E2396D8D40077826D /* AppDelegate.swift */ = {isa = PBXFileReference; lastKnownFileType = sourcecode.swift; path = AppDelegate.swift; sourceTree = "<group>"; };
		8EC3E2802396D8D40077826D /* ViewController.swift */ = {isa = PBXFileReference; lastKnownFileType = sourcecode.swift; path = ViewController.swift; sourceTree = "<group>"; };
		8EC3E2832396D8D40077826D /* Base */ = {isa = PBXFileReference; lastKnownFileType = file.storyboard; name = Base; path = Base.lproj/Main.storyboard; sourceTree = "<group>"; };
		8EC3E2852396D8D60077826D /* Assets.xcassets */ = {isa = PBXFileReference; lastKnownFileType = folder.assetcatalog; path = Assets.xcassets; sourceTree = "<group>"; };
		8EC3E2882396D8D60077826D /* Base */ = {isa = PBXFileReference; lastKnownFileType = file.storyboard; name = Base; path = Base.lproj/LaunchScreen.storyboard; sourceTree = "<group>"; };
		8EC3E28A2396D8D60077826D /* Info.plist */ = {isa = PBXFileReference; lastKnownFileType = text.plist.xml; path = Info.plist; sourceTree = "<group>"; };
		8EC3E2902396E9AC0077826D /* NotebooksViewController.swift */ = {isa = PBXFileReference; lastKnownFileType = sourcecode.swift; path = NotebooksViewController.swift; sourceTree = "<group>"; };
		8EC3E293239706620077826D /* R.generated.swift */ = {isa = PBXFileReference; fileEncoding = 4; lastKnownFileType = sourcecode.swift; path = R.generated.swift; sourceTree = SOURCE_ROOT; };
		8EC3E298239712550077826D /* NotesViewController.swift */ = {isa = PBXFileReference; lastKnownFileType = sourcecode.swift; path = NotesViewController.swift; sourceTree = "<group>"; };
		8EC3E29C239723D80077826D /* Notebook.swift */ = {isa = PBXFileReference; lastKnownFileType = sourcecode.swift; path = Notebook.swift; sourceTree = "<group>"; };
		8EC3E29E239723DC0077826D /* Note.swift */ = {isa = PBXFileReference; lastKnownFileType = sourcecode.swift; path = Note.swift; sourceTree = "<group>"; };
		8EC3E2A023972CF00077826D /* Storage.swift */ = {isa = PBXFileReference; lastKnownFileType = sourcecode.swift; path = Storage.swift; sourceTree = "<group>"; };
		AA9AA9A883A5B35B2884C052 /* Pods-SplitViewControllerDemo.release.xcconfig */ = {isa = PBXFileReference; includeInIndex = 1; lastKnownFileType = text.xcconfig; name = "Pods-SplitViewControllerDemo.release.xcconfig"; path = "Target Support Files/Pods-SplitViewControllerDemo/Pods-SplitViewControllerDemo.release.xcconfig"; sourceTree = "<group>"; };
		C6494FC45C6ECF192625106D /* Pods_SplitViewControllerDemo.framework */ = {isa = PBXFileReference; explicitFileType = wrapper.framework; includeInIndex = 0; path = Pods_SplitViewControllerDemo.framework; sourceTree = BUILT_PRODUCTS_DIR; };
		D7646F9CE53E55466B27A0ED /* Pods-SplitViewControllerDemo.debug.xcconfig */ = {isa = PBXFileReference; includeInIndex = 1; lastKnownFileType = text.xcconfig; name = "Pods-SplitViewControllerDemo.debug.xcconfig"; path = "Target Support Files/Pods-SplitViewControllerDemo/Pods-SplitViewControllerDemo.debug.xcconfig"; sourceTree = "<group>"; };
/* End PBXFileReference section */

/* Begin PBXFrameworksBuildPhase section */
		8EC3E2782396D8D40077826D /* Frameworks */ = {
			isa = PBXFrameworksBuildPhase;
			buildActionMask = 2147483647;
			files = (
				3EE8551389E7A0C1A85864B5 /* Pods_SplitViewControllerDemo.framework in Frameworks */,
			);
			runOnlyForDeploymentPostprocessing = 0;
		};
/* End PBXFrameworksBuildPhase section */

/* Begin PBXGroup section */
		4108E6318E2D850DB37E0318 /* Frameworks */ = {
			isa = PBXGroup;
			children = (
				C6494FC45C6ECF192625106D /* Pods_SplitViewControllerDemo.framework */,
			);
			name = Frameworks;
			sourceTree = "<group>";
		};
		624A3A0EE67D4F41B88991B5 /* Pods */ = {
			isa = PBXGroup;
			children = (
				D7646F9CE53E55466B27A0ED /* Pods-SplitViewControllerDemo.debug.xcconfig */,
				AA9AA9A883A5B35B2884C052 /* Pods-SplitViewControllerDemo.release.xcconfig */,
			);
			path = Pods;
			sourceTree = "<group>";
		};
		8EC3E2722396D8D40077826D = {
			isa = PBXGroup;
			children = (
				8EC3E27D2396D8D40077826D /* SplitViewControllerDemo */,
				8EC3E27C2396D8D40077826D /* Products */,
				624A3A0EE67D4F41B88991B5 /* Pods */,
				4108E6318E2D850DB37E0318 /* Frameworks */,
			);
			sourceTree = "<group>";
		};
		8EC3E27C2396D8D40077826D /* Products */ = {
			isa = PBXGroup;
			children = (
				8EC3E27B2396D8D40077826D /* SplitViewControllerDemo.app */,
			);
			name = Products;
			sourceTree = "<group>";
		};
		8EC3E27D2396D8D40077826D /* SplitViewControllerDemo */ = {
			isa = PBXGroup;
			children = (
				8EC3E293239706620077826D /* R.generated.swift */,
				8EC3E27E2396D8D40077826D /* AppDelegate.swift */,
				8EC3E2802396D8D40077826D /* ViewController.swift */,
				8EC3E298239712550077826D /* NotesViewController.swift */,
				8EC3E29B239723C90077826D /* View */,
				8EC3E29A239723C30077826D /* Model */,
				8EC3E2902396E9AC0077826D /* NotebooksViewController.swift */,
				8EC3E2822396D8D40077826D /* Main.storyboard */,
				8EC3E2852396D8D60077826D /* Assets.xcassets */,
				8EC3E2872396D8D60077826D /* LaunchScreen.storyboard */,
				8EC3E28A2396D8D60077826D /* Info.plist */,
			);
			path = SplitViewControllerDemo;
			sourceTree = "<group>";
		};
		8EC3E29A239723C30077826D /* Model */ = {
			isa = PBXGroup;
			children = (
				8EC3E29C239723D80077826D /* Notebook.swift */,
				8EC3E29E239723DC0077826D /* Note.swift */,
				8EC3E2A023972CF00077826D /* Storage.swift */,
			);
			path = Model;
			sourceTree = "<group>";
		};
		8EC3E29B239723C90077826D /* View */ = {
			isa = PBXGroup;
			children = (
			);
			path = View;
			sourceTree = "<group>";
		};
/* End PBXGroup section */

/* Begin PBXNativeTarget section */
		8EC3E27A2396D8D40077826D /* SplitViewControllerDemo */ = {
			isa = PBXNativeTarget;
			buildConfigurationList = 8EC3E28D2396D8D60077826D /* Build configuration list for PBXNativeTarget "SplitViewControllerDemo" */;
			buildPhases = (
				4B7EA5EB84C6D1A011E3F43C /* [CP] Check Pods Manifest.lock */,
				8EC3E292239705BE0077826D /* ShellScript */,
				8EC3E2772396D8D40077826D /* Sources */,
				8EC3E2782396D8D40077826D /* Frameworks */,
				8EC3E2792396D8D40077826D /* Resources */,
				DF3A26D9DB6998D9583FA374 /* [CP] Embed Pods Frameworks */,
			);
			buildRules = (
			);
			dependencies = (
			);
			name = SplitViewControllerDemo;
			productName = SplitViewControllerDemo;
			productReference = 8EC3E27B2396D8D40077826D /* SplitViewControllerDemo.app */;
			productType = "com.apple.product-type.application";
		};
/* End PBXNativeTarget section */

/* Begin PBXProject section */
		8EC3E2732396D8D40077826D /* Project object */ = {
			isa = PBXProject;
			attributes = {
				LastSwiftUpdateCheck = 1020;
				LastUpgradeCheck = 1020;
				ORGANIZATIONNAME = "Yi Tong";
				TargetAttributes = {
					8EC3E27A2396D8D40077826D = {
						CreatedOnToolsVersion = 10.2.1;
					};
				};
			};
			buildConfigurationList = 8EC3E2762396D8D40077826D /* Build configuration list for PBXProject "SplitViewControllerDemo" */;
			compatibilityVersion = "Xcode 9.3";
			developmentRegion = en;
			hasScannedForEncodings = 0;
			knownRegions = (
				en,
				Base,
			);
			mainGroup = 8EC3E2722396D8D40077826D;
			productRefGroup = 8EC3E27C2396D8D40077826D /* Products */;
			projectDirPath = "";
			projectRoot = "";
			targets = (
				8EC3E27A2396D8D40077826D /* SplitViewControllerDemo */,
			);
		};
/* End PBXProject section */

/* Begin PBXResourcesBuildPhase section */
		8EC3E2792396D8D40077826D /* Resources */ = {
			isa = PBXResourcesBuildPhase;
			buildActionMask = 2147483647;
			files = (
				8EC3E2892396D8D60077826D /* LaunchScreen.storyboard in Resources */,
				8EC3E2862396D8D60077826D /* Assets.xcassets in Resources */,
				8EC3E2842396D8D40077826D /* Main.storyboard in Resources */,
			);
			runOnlyForDeploymentPostprocessing = 0;
		};
/* End PBXResourcesBuildPhase section */

/* Begin PBXShellScriptBuildPhase section */
		4B7EA5EB84C6D1A011E3F43C /* [CP] Check Pods Manifest.lock */ = {
			isa = PBXShellScriptBuildPhase;
			buildActionMask = 2147483647;
			files = (
			);
			inputFileListPaths = (
			);
			inputPaths = (
				"${PODS_PODFILE_DIR_PATH}/Podfile.lock",
				"${PODS_ROOT}/Manifest.lock",
			);
			name = "[CP] Check Pods Manifest.lock";
			outputFileListPaths = (
			);
			outputPaths = (
				"$(DERIVED_FILE_DIR)/Pods-SplitViewControllerDemo-checkManifestLockResult.txt",
			);
			runOnlyForDeploymentPostprocessing = 0;
			shellPath = /bin/sh;
			shellScript = "diff \"${PODS_PODFILE_DIR_PATH}/Podfile.lock\" \"${PODS_ROOT}/Manifest.lock\" > /dev/null\nif [ $? != 0 ] ; then\n    # print error to STDERR\n    echo \"error: The sandbox is not in sync with the Podfile.lock. Run 'pod install' or update your CocoaPods installation.\" >&2\n    exit 1\nfi\n# This output is used by Xcode 'outputs' to avoid re-running this script phase.\necho \"SUCCESS\" > \"${SCRIPT_OUTPUT_FILE_0}\"\n";
			showEnvVarsInLog = 0;
		};
		8EC3E292239705BE0077826D /* ShellScript */ = {
			isa = PBXShellScriptBuildPhase;
			buildActionMask = 2147483647;
			files = (
			);
			inputFileListPaths = (
			);
			inputPaths = (
				"$TEMP_DIR/rswift-lastrun",
			);
			outputFileListPaths = (
			);
			outputPaths = (
				$SRCROOT/R.generated.swift,
			);
			runOnlyForDeploymentPostprocessing = 0;
			shellPath = /bin/sh;
			shellScript = "# Type a script or drag a script file from your workspace to insert its path.\n\"$PODS_ROOT/R.swift/rswift\" generate \"$SRCROOT/R.generated.swift\"\n";
		};
		DF3A26D9DB6998D9583FA374 /* [CP] Embed Pods Frameworks */ = {
			isa = PBXShellScriptBuildPhase;
			buildActionMask = 2147483647;
			files = (
			);
			inputFileListPaths = (
				"${PODS_ROOT}/Target Support Files/Pods-SplitViewControllerDemo/Pods-SplitViewControllerDemo-frameworks-${CONFIGURATION}-input-files.xcfilelist",
			);
			name = "[CP] Embed Pods Frameworks";
			outputFileListPaths = (
				"${PODS_ROOT}/Target Support Files/Pods-SplitViewControllerDemo/Pods-SplitViewControllerDemo-frameworks-${CONFIGURATION}-output-files.xcfilelist",
			);
			runOnlyForDeploymentPostprocessing = 0;
			shellPath = /bin/sh;
			shellScript = "\"${PODS_ROOT}/Target Support Files/Pods-SplitViewControllerDemo/Pods-SplitViewControllerDemo-frameworks.sh\"\n";
			showEnvVarsInLog = 0;
		};
/* End PBXShellScriptBuildPhase section */

/* Begin PBXSourcesBuildPhase section */
		8EC3E2772396D8D40077826D /* Sources */ = {
			isa = PBXSourcesBuildPhase;
			buildActionMask = 2147483647;
			files = (
				8EC3E2812396D8D40077826D /* ViewController.swift in Sources */,
				8EC3E299239712560077826D /* NotesViewController.swift in Sources */,
				8EC3E29F239723DC0077826D /* Note.swift in Sources */,
				8EC3E27F2396D8D40077826D /* AppDelegate.swift in Sources */,
				8EC3E2A123972CF00077826D /* Storage.swift in Sources */,
				8EC3E2912396E9AC0077826D /* NotebooksViewController.swift in Sources */,
				8EC3E29D239723D80077826D /* Notebook.swift in Sources */,
				8EC3E294239706620077826D /* R.generated.swift in Sources */,
			);
			runOnlyForDeploymentPostprocessing = 0;
		};
/* End PBXSourcesBuildPhase section */

/* Begin PBXVariantGroup section */
		8EC3E2822396D8D40077826D /* Main.storyboard */ = {
			isa = PBXVariantGroup;
			children = (
				8EC3E2832396D8D40077826D /* Base */,
			);
			name = Main.storyboard;
			sourceTree = "<group>";
		};
		8EC3E2872396D8D60077826D /* LaunchScreen.storyboard */ = {
			isa = PBXVariantGroup;
			children = (
				8EC3E2882396D8D60077826D /* Base */,
			);
			name = LaunchScreen.storyboard;
			sourceTree = "<group>";
		};
/* End PBXVariantGroup section */

/* Begin XCBuildConfiguration section */
		8EC3E28B2396D8D60077826D /* Debug */ = {
			isa = XCBuildConfiguration;
			buildSettings = {
				ALWAYS_SEARCH_USER_PATHS = NO;
				CLANG_ANALYZER_NONNULL = YES;
				CLANG_ANALYZER_NUMBER_OBJECT_CONVERSION = YES_AGGRESSIVE;
				CLANG_CXX_LANGUAGE_STANDARD = "gnu++14";
				CLANG_CXX_LIBRARY = "libc++";
				CLANG_ENABLE_MODULES = YES;
				CLANG_ENABLE_OBJC_ARC = YES;
				CLANG_ENABLE_OBJC_WEAK = YES;
				CLANG_WARN_BLOCK_CAPTURE_AUTORELEASING = YES;
				CLANG_WARN_BOOL_CONVERSION = YES;
				CLANG_WARN_COMMA = YES;
				CLANG_WARN_CONSTANT_CONVERSION = YES;
				CLANG_WARN_DEPRECATED_OBJC_IMPLEMENTATIONS = YES;
				CLANG_WARN_DIRECT_OBJC_ISA_USAGE = YES_ERROR;
				CLANG_WARN_DOCUMENTATION_COMMENTS = YES;
				CLANG_WARN_EMPTY_BODY = YES;
				CLANG_WARN_ENUM_CONVERSION = YES;
				CLANG_WARN_INFINITE_RECURSION = YES;
				CLANG_WARN_INT_CONVERSION = YES;
				CLANG_WARN_NON_LITERAL_NULL_CONVERSION = YES;
				CLANG_WARN_OBJC_IMPLICIT_RETAIN_SELF = YES;
				CLANG_WARN_OBJC_LITERAL_CONVERSION = YES;
				CLANG_WARN_OBJC_ROOT_CLASS = YES_ERROR;
				CLANG_WARN_RANGE_LOOP_ANALYSIS = YES;
				CLANG_WARN_STRICT_PROTOTYPES = YES;
				CLANG_WARN_SUSPICIOUS_MOVE = YES;
				CLANG_WARN_UNGUARDED_AVAILABILITY = YES_AGGRESSIVE;
				CLANG_WARN_UNREACHABLE_CODE = YES;
				CLANG_WARN__DUPLICATE_METHOD_MATCH = YES;
				CODE_SIGN_IDENTITY = "iPhone Developer";
				COPY_PHASE_STRIP = NO;
				DEBUG_INFORMATION_FORMAT = dwarf;
				ENABLE_STRICT_OBJC_MSGSEND = YES;
				ENABLE_TESTABILITY = YES;
				GCC_C_LANGUAGE_STANDARD = gnu11;
				GCC_DYNAMIC_NO_PIC = NO;
				GCC_NO_COMMON_BLOCKS = YES;
				GCC_OPTIMIZATION_LEVEL = 0;
				GCC_PREPROCESSOR_DEFINITIONS = (
					"DEBUG=1",
					"$(inherited)",
				);
				GCC_WARN_64_TO_32_BIT_CONVERSION = YES;
				GCC_WARN_ABOUT_RETURN_TYPE = YES_ERROR;
				GCC_WARN_UNDECLARED_SELECTOR = YES;
				GCC_WARN_UNINITIALIZED_AUTOS = YES_AGGRESSIVE;
				GCC_WARN_UNUSED_FUNCTION = YES;
				GCC_WARN_UNUSED_VARIABLE = YES;
				IPHONEOS_DEPLOYMENT_TARGET = 12.2;
				MTL_ENABLE_DEBUG_INFO = INCLUDE_SOURCE;
				MTL_FAST_MATH = YES;
				ONLY_ACTIVE_ARCH = YES;
				SDKROOT = iphoneos;
				SWIFT_ACTIVE_COMPILATION_CONDITIONS = DEBUG;
				SWIFT_OPTIMIZATION_LEVEL = "-Onone";
			};
			name = Debug;
		};
		8EC3E28C2396D8D60077826D /* Release */ = {
			isa = XCBuildConfiguration;
			buildSettings = {
				ALWAYS_SEARCH_USER_PATHS = NO;
				CLANG_ANALYZER_NONNULL = YES;
				CLANG_ANALYZER_NUMBER_OBJECT_CONVERSION = YES_AGGRESSIVE;
				CLANG_CXX_LANGUAGE_STANDARD = "gnu++14";
				CLANG_CXX_LIBRARY = "libc++";
				CLANG_ENABLE_MODULES = YES;
				CLANG_ENABLE_OBJC_ARC = YES;
				CLANG_ENABLE_OBJC_WEAK = YES;
				CLANG_WARN_BLOCK_CAPTURE_AUTORELEASING = YES;
				CLANG_WARN_BOOL_CONVERSION = YES;
				CLANG_WARN_COMMA = YES;
				CLANG_WARN_CONSTANT_CONVERSION = YES;
				CLANG_WARN_DEPRECATED_OBJC_IMPLEMENTATIONS = YES;
				CLANG_WARN_DIRECT_OBJC_ISA_USAGE = YES_ERROR;
				CLANG_WARN_DOCUMENTATION_COMMENTS = YES;
				CLANG_WARN_EMPTY_BODY = YES;
				CLANG_WARN_ENUM_CONVERSION = YES;
				CLANG_WARN_INFINITE_RECURSION = YES;
				CLANG_WARN_INT_CONVERSION = YES;
				CLANG_WARN_NON_LITERAL_NULL_CONVERSION = YES;
				CLANG_WARN_OBJC_IMPLICIT_RETAIN_SELF = YES;
				CLANG_WARN_OBJC_LITERAL_CONVERSION = YES;
				CLANG_WARN_OBJC_ROOT_CLASS = YES_ERROR;
				CLANG_WARN_RANGE_LOOP_ANALYSIS = YES;
				CLANG_WARN_STRICT_PROTOTYPES = YES;
				CLANG_WARN_SUSPICIOUS_MOVE = YES;
				CLANG_WARN_UNGUARDED_AVAILABILITY = YES_AGGRESSIVE;
				CLANG_WARN_UNREACHABLE_CODE = YES;
				CLANG_WARN__DUPLICATE_METHOD_MATCH = YES;
				CODE_SIGN_IDENTITY = "iPhone Developer";
				COPY_PHASE_STRIP = NO;
				DEBUG_INFORMATION_FORMAT = "dwarf-with-dsym";
				ENABLE_NS_ASSERTIONS = NO;
				ENABLE_STRICT_OBJC_MSGSEND = YES;
				GCC_C_LANGUAGE_STANDARD = gnu11;
				GCC_NO_COMMON_BLOCKS = YES;
				GCC_WARN_64_TO_32_BIT_CONVERSION = YES;
				GCC_WARN_ABOUT_RETURN_TYPE = YES_ERROR;
				GCC_WARN_UNDECLARED_SELECTOR = YES;
				GCC_WARN_UNINITIALIZED_AUTOS = YES_AGGRESSIVE;
				GCC_WARN_UNUSED_FUNCTION = YES;
				GCC_WARN_UNUSED_VARIABLE = YES;
				IPHONEOS_DEPLOYMENT_TARGET = 12.2;
				MTL_ENABLE_DEBUG_INFO = NO;
				MTL_FAST_MATH = YES;
				SDKROOT = iphoneos;
				SWIFT_COMPILATION_MODE = wholemodule;
				SWIFT_OPTIMIZATION_LEVEL = "-O";
				VALIDATE_PRODUCT = YES;
			};
			name = Release;
		};
		8EC3E28E2396D8D60077826D /* Debug */ = {
			isa = XCBuildConfiguration;
			baseConfigurationReference = D7646F9CE53E55466B27A0ED /* Pods-SplitViewControllerDemo.debug.xcconfig */;
			buildSettings = {
				ASSETCATALOG_COMPILER_APPICON_NAME = AppIcon;
				CODE_SIGN_STYLE = Automatic;
				DEVELOPMENT_TEAM = DKH5D278T8;
				INFOPLIST_FILE = SplitViewControllerDemo/Info.plist;
				LD_RUNPATH_SEARCH_PATHS = (
					"$(inherited)",
					"@executable_path/Frameworks",
				);
				PRODUCT_BUNDLE_IDENTIFIER = com.AiTmed.SplitViewControllerDemo;
				PRODUCT_NAME = "$(TARGET_NAME)";
				SWIFT_VERSION = 5.0;
				TARGETED_DEVICE_FAMILY = "1,2";
			};
			name = Debug;
		};
		8EC3E28F2396D8D60077826D /* Release */ = {
			isa = XCBuildConfiguration;
			baseConfigurationReference = AA9AA9A883A5B35B2884C052 /* Pods-SplitViewControllerDemo.release.xcconfig */;
			buildSettings = {
				ASSETCATALOG_COMPILER_APPICON_NAME = AppIcon;
				CODE_SIGN_STYLE = Automatic;
				DEVELOPMENT_TEAM = DKH5D278T8;
				INFOPLIST_FILE = SplitViewControllerDemo/Info.plist;
				LD_RUNPATH_SEARCH_PATHS = (
					"$(inherited)",
					"@executable_path/Frameworks",
				);
				PRODUCT_BUNDLE_IDENTIFIER = com.AiTmed.SplitViewControllerDemo;
				PRODUCT_NAME = "$(TARGET_NAME)";
				SWIFT_VERSION = 5.0;
				TARGETED_DEVICE_FAMILY = "1,2";
			};
			name = Release;
		};
/* End XCBuildConfiguration section */

/* Begin XCConfigurationList section */
		8EC3E2762396D8D40077826D /* Build configuration list for PBXProject "SplitViewControllerDemo" */ = {
			isa = XCConfigurationList;
			buildConfigurations = (
				8EC3E28B2396D8D60077826D /* Debug */,
				8EC3E28C2396D8D60077826D /* Release */,
			);
			defaultConfigurationIsVisible = 0;
			defaultConfigurationName = Release;
		};
		8EC3E28D2396D8D60077826D /* Build configuration list for PBXNativeTarget "SplitViewControllerDemo" */ = {
			isa = XCConfigurationList;
			buildConfigurations = (
				8EC3E28E2396D8D60077826D /* Debug */,
				8EC3E28F2396D8D60077826D /* Release */,
			);
			defaultConfigurationIsVisible = 0;
			defaultConfigurationName = Release;
		};
/* End XCConfigurationList section */
	};
	rootObject = 8EC3E2732396D8D40077826D /* Project object */;
}
